
Microsoft Visual Studio Solution File, Format Version 12.00
Project("{2150E333-8FDC-42A3-9474-1A3956D46DE8}") = "src", "src", "{8B022026-85F3-4034-839A-B923CBBD6413}"
EndProject
Project("{FAE04EC0-301F-11D3-BF4B-00C04F79EFBC}") = "Ciclo.Domain", "Src\Ciclo.Domain\Ciclo.Domain.csproj", "{D87E0491-A1BE-4BF6-B592-61B7FB23130C}"
EndProject
Project("{FAE04EC0-301F-11D3-BF4B-00C04F79EFBC}") = "Ciclo.Infra.Data", "Src\Ciclo.Infra.Data\Ciclo.Infra.Data.csproj", "{26ECB63B-D971-401B-BEF0-C64FCA43AA31}"
EndProject
Project("{FAE04EC0-301F-11D3-BF4B-00C04F79EFBC}") = "Ciclo.Application", "Src\Ciclo.Application\Ciclo.Application.csproj", "{7392C87B-156F-4746-A692-106BDFEE60CA}"
EndProject
Project("{FAE04EC0-301F-11D3-BF4B-00C04F79EFBC}") = "Ciclo.API", "Src\Ciclo.API\Ciclo.API.csproj", "{50AE90EE-3824-4718-BAC4-72ABDFF1EA13}"
EndProject
Project("{FAE04EC0-301F-11D3-BF4B-00C04F79EFBC}") = "Ciclo.Core", "Src\Ciclo.Core\Ciclo.Core.csproj", "{993D1795-D31B-45FF-8744-44B2F1A246E7}"
EndProject
Global
	GlobalSection(SolutionConfigurationPlatforms) = preSolution
		Debug|Any CPU = Debug|Any CPU
		Release|Any CPU = Release|Any CPU
	EndGlobalSection
	GlobalSection(NestedProjects) = preSolution
		{50AE90EE-3824-4718-BAC4-72ABDFF1EA13} = {8B022026-85F3-4034-839A-B923CBBD6413}
		{26ECB63B-D971-401B-BEF0-C64FCA43AA31} = {8B022026-85F3-4034-839A-B923CBBD6413}
		{D87E0491-A1BE-4BF6-B592-61B7FB23130C} = {8B022026-85F3-4034-839A-B923CBBD6413}
		{993D1795-D31B-45FF-8744-44B2F1A246E7} = {8B022026-85F3-4034-839A-B923CBBD6413}
		{7392C87B-156F-4746-A692-106BDFEE60CA} = {8B022026-85F3-4034-839A-B923CBBD6413}
	EndGlobalSection
	GlobalSection(ProjectConfigurationPlatforms) = postSolution
		{D87E0491-A1BE-4BF6-B592-61B7FB23130C}.Debug|Any CPU.ActiveCfg = Debug|Any CPU
		{D87E0491-A1BE-4BF6-B592-61B7FB23130C}.Debug|Any CPU.Build.0 = Debug|Any CPU
		{D87E0491-A1BE-4BF6-B592-61B7FB23130C}.Release|Any CPU.ActiveCfg = Release|Any CPU
		{D87E0491-A1BE-4BF6-B592-61B7FB23130C}.Release|Any CPU.Build.0 = Release|Any CPU
		{26ECB63B-D971-401B-BEF0-C64FCA43AA31}.Debug|Any CPU.ActiveCfg = Debug|Any CPU
		{26ECB63B-D971-401B-BEF0-C64FCA43AA31}.Debug|Any CPU.Build.0 = Debug|Any CPU
		{26ECB63B-D971-401B-BEF0-C64FCA43AA31}.Release|Any CPU.ActiveCfg = Release|Any CPU
		{26ECB63B-D971-401B-BEF0-C64FCA43AA31}.Release|Any CPU.Build.0 = Release|Any CPU
		{7392C87B-156F-4746-A692-106BDFEE60CA}.Debug|Any CPU.ActiveCfg = Debug|Any CPU
		{7392C87B-156F-4746-A692-106BDFEE60CA}.Debug|Any CPU.Build.0 = Debug|Any CPU
		{7392C87B-156F-4746-A692-106BDFEE60CA}.Release|Any CPU.ActiveCfg = Release|Any CPU
		{7392C87B-156F-4746-A692-106BDFEE60CA}.Release|Any CPU.Build.0 = Release|Any CPU
		{50AE90EE-3824-4718-BAC4-72ABDFF1EA13}.Debug|Any CPU.ActiveCfg = Debug|Any CPU
		{50AE90EE-3824-4718-BAC4-72ABDFF1EA13}.Debug|Any CPU.Build.0 = Debug|Any CPU
		{50AE90EE-3824-4718-BAC4-72ABDFF1EA13}.Release|Any CPU.ActiveCfg = Release|Any CPU
		{50AE90EE-3824-4718-BAC4-72ABDFF1EA13}.Release|Any CPU.Build.0 = Release|Any CPU
		{993D1795-D31B-45FF-8744-44B2F1A246E7}.Debug|Any CPU.ActiveCfg = Debug|Any CPU
		{993D1795-D31B-45FF-8744-44B2F1A246E7}.Debug|Any CPU.Build.0 = Debug|Any CPU
		{993D1795-D31B-45FF-8744-44B2F1A246E7}.Release|Any CPU.ActiveCfg = Release|Any CPU
		{993D1795-D31B-45FF-8744-44B2F1A246E7}.Release|Any CPU.Build.0 = Release|Any CPU
	EndGlobalSection
EndGlobal
